
Microsoft Visual Studio Solution File, Format Version 12.00
# Visual Studio 15
VisualStudioVersion = 15.0.28010.2046
MinimumVisualStudioVersion = 10.0.40219.1
Project("{FAE04EC0-301F-11D3-BF4B-00C04F79EFBC}") = "A-Contraluz", "A-Contraluz\A-Contraluz.csproj", "{A5E846B8-334A-4A77-ABBE-B24CF434904C}"
EndProject
Global
	GlobalSection(SolutionConfigurationPlatforms) = preSolution
		Debug|Any CPU = Debug|Any CPU
		Release|Any CPU = Release|Any CPU
	EndGlobalSection
	GlobalSection(ProjectConfigurationPlatforms) = postSolution
		{A5E846B8-334A-4A77-ABBE-B24CF434904C}.Debug|Any CPU.ActiveCfg = Debug|Any CPU
		{A5E846B8-334A-4A77-ABBE-B24CF434904C}.Debug|Any CPU.Build.0 = Debug|Any CPU
		{A5E846B8-334A-4A77-ABBE-B24CF434904C}.Release|Any CPU.ActiveCfg = Release|Any CPU
		{A5E846B8-334A-4A77-ABBE-B24CF434904C}.Release|Any CPU.Build.0 = Release|Any CPU
	EndGlobalSection
	GlobalSection(SolutionProperties) = preSolution
		HideSolutionNode = FALSE
	EndGlobalSection
	GlobalSection(ExtensibilityGlobals) = postSolution
		SolutionGuid = {91354B56-1277-49B3-9E2F-6FF2A84EF309}
	EndGlobalSection
EndGlobal
